
Microsoft Visual Studio Solution File, Format Version 12.00
# Visual Studio Version 16
VisualStudioVersion = 16.0.31025.194
MinimumVisualStudioVersion = 10.0.40219.1
Project("{9A19103F-16F7-4668-BE54-9A1E7A4F7556}") = "AngularTestSeparate", "AngularTestSeparate\AngularTestSeparate.csproj", "{79A84740-E89D-4436-AE1E-11377302EC0B}"
EndProject
Project("{9A19103F-16F7-4668-BE54-9A1E7A4F7556}") = "AngularWebApp", "AngularWebApp\AngularWebApp.csproj", "{6B28CF60-845D-440A-B424-6F7DD776A03A}"
EndProject
Global
	GlobalSection(SolutionConfigurationPlatforms) = preSolution
		Debug|Any CPU = Debug|Any CPU
		Release|Any CPU = Release|Any CPU
	EndGlobalSection
	GlobalSection(ProjectConfigurationPlatforms) = postSolution
		{79A84740-E89D-4436-AE1E-11377302EC0B}.Debug|Any CPU.ActiveCfg = Debug|Any CPU
		{79A84740-E89D-4436-AE1E-11377302EC0B}.Debug|Any CPU.Build.0 = Debug|Any CPU
		{79A84740-E89D-4436-AE1E-11377302EC0B}.Release|Any CPU.ActiveCfg = Release|Any CPU
		{79A84740-E89D-4436-AE1E-11377302EC0B}.Release|Any CPU.Build.0 = Release|Any CPU
		{6B28CF60-845D-440A-B424-6F7DD776A03A}.Debug|Any CPU.ActiveCfg = Debug|Any CPU
		{6B28CF60-845D-440A-B424-6F7DD776A03A}.Debug|Any CPU.Build.0 = Debug|Any CPU
		{6B28CF60-845D-440A-B424-6F7DD776A03A}.Release|Any CPU.ActiveCfg = Release|Any CPU
		{6B28CF60-845D-440A-B424-6F7DD776A03A}.Release|Any CPU.Build.0 = Release|Any CPU
	EndGlobalSection
	GlobalSection(SolutionProperties) = preSolution
		HideSolutionNode = FALSE
	EndGlobalSection
	GlobalSection(ExtensibilityGlobals) = postSolution
		SolutionGuid = {1392CC72-BC17-416E-B194-68061D130615}
	EndGlobalSection
EndGlobal
